
Microsoft Visual Studio Solution File, Format Version 12.00
# Visual Studio Version 16
VisualStudioVersion = 16.0.30204.135
MinimumVisualStudioVersion = 10.0.40219.1
Project("{9A19103F-16F7-4668-BE54-9A1E7A4F7556}") = "EberlyWorkSample", "EberlyWorkSample\EberlyWorkSample.csproj", "{BC2C501D-6AC4-4D2E-9777-2E9491CA8B01}"
EndProject
Project("{FAE04EC0-301F-11D3-BF4B-00C04F79EFBC}") = "EberlyWorkSampleTests", "EberlyWorkSampleTests\EberlyWorkSampleTests.csproj", "{8000CA42-5834-4493-A085-03B48E56F715}"
EndProject
Global
	GlobalSection(SolutionConfigurationPlatforms) = preSolution
		Debug|Any CPU = Debug|Any CPU
		Release|Any CPU = Release|Any CPU
	EndGlobalSection
	GlobalSection(ProjectConfigurationPlatforms) = postSolution
		{BC2C501D-6AC4-4D2E-9777-2E9491CA8B01}.Debug|Any CPU.ActiveCfg = Debug|Any CPU
		{BC2C501D-6AC4-4D2E-9777-2E9491CA8B01}.Debug|Any CPU.Build.0 = Debug|Any CPU
		{BC2C501D-6AC4-4D2E-9777-2E9491CA8B01}.Release|Any CPU.ActiveCfg = Release|Any CPU
		{BC2C501D-6AC4-4D2E-9777-2E9491CA8B01}.Release|Any CPU.Build.0 = Release|Any CPU
		{8000CA42-5834-4493-A085-03B48E56F715}.Debug|Any CPU.ActiveCfg = Debug|Any CPU
		{8000CA42-5834-4493-A085-03B48E56F715}.Debug|Any CPU.Build.0 = Debug|Any CPU
		{8000CA42-5834-4493-A085-03B48E56F715}.Release|Any CPU.ActiveCfg = Release|Any CPU
		{8000CA42-5834-4493-A085-03B48E56F715}.Release|Any CPU.Build.0 = Release|Any CPU
	EndGlobalSection
	GlobalSection(SolutionProperties) = preSolution
		HideSolutionNode = FALSE
	EndGlobalSection
	GlobalSection(ExtensibilityGlobals) = postSolution
		SolutionGuid = {AD921F96-F869-4BE4-B1DA-868A9EB78D14}
	EndGlobalSection
EndGlobal
